// !$*UTF8*$!
{
	archiveVersion = 1;
	classes = {
	};
	objectVersion = 46;
	objects = {

/* Begin PBXBuildFile section */
		65292C381EA90C6600EF1A01 /* VTLocationPhotosViewController.swift in Sources */ = {isa = PBXBuildFile; fileRef = 65292C371EA90C6600EF1A01 /* VTLocationPhotosViewController.swift */; };
		65292C3A1EA924C800EF1A01 /* FlickrNetworkSearch.swift in Sources */ = {isa = PBXBuildFile; fileRef = 65292C391EA924C800EF1A01 /* FlickrNetworkSearch.swift */; };
		654FD2CA1EAEA6E9004A41DA /* VTPhotoDetailViewController.swift in Sources */ = {isa = PBXBuildFile; fileRef = 654FD2C91EAEA6E9004A41DA /* VTPhotoDetailViewController.swift */; };
		6551C00A1EA13EAE004DCEA1 /* AppDelegate.swift in Sources */ = {isa = PBXBuildFile; fileRef = 6551C0091EA13EAE004DCEA1 /* AppDelegate.swift */; };
		6551C00F1EA13EAE004DCEA1 /* Main.storyboard in Resources */ = {isa = PBXBuildFile; fileRef = 6551C00D1EA13EAE004DCEA1 /* Main.storyboard */; };
		6551C0121EA13EAE004DCEA1 /* Virtual_Tourist.xcdatamodeld in Sources */ = {isa = PBXBuildFile; fileRef = 6551C0101EA13EAE004DCEA1 /* Virtual_Tourist.xcdatamodeld */; };
		6551C0141EA13EAE004DCEA1 /* Assets.xcassets in Resources */ = {isa = PBXBuildFile; fileRef = 6551C0131EA13EAE004DCEA1 /* Assets.xcassets */; };
		6551C0171EA13EAE004DCEA1 /* LaunchScreen.storyboard in Resources */ = {isa = PBXBuildFile; fileRef = 6551C0151EA13EAE004DCEA1 /* LaunchScreen.storyboard */; };
		6551C0221EA1554D004DCEA1 /* VTPinMapViewController.swift in Sources */ = {isa = PBXBuildFile; fileRef = 6551C0211EA1554D004DCEA1 /* VTPinMapViewController.swift */; };
		65916D0A1EAA7AB000E7A8C6 /* Constants.swift in Sources */ = {isa = PBXBuildFile; fileRef = 65916D091EAA7AB000E7A8C6 /* Constants.swift */; };
		65BDAAFB1EAE6F2C00A64611 /* Photo+CoreDataClass.swift in Sources */ = {isa = PBXBuildFile; fileRef = 65BDAAF91EAE6F2C00A64611 /* Photo+CoreDataClass.swift */; };
		65BDAAFC1EAE6F2C00A64611 /* Photo+CoreDataProperties.swift in Sources */ = {isa = PBXBuildFile; fileRef = 65BDAAFA1EAE6F2C00A64611 /* Photo+CoreDataProperties.swift */; };
		65BDAAFE1EAE826100A64611 /* FlickrPhotoCollectionViewCell.swift in Sources */ = {isa = PBXBuildFile; fileRef = 65BDAAFD1EAE826100A64611 /* FlickrPhotoCollectionViewCell.swift */; };
		65CBE37B1EA7D26700044F6C /* Pin+CoreDataClass.swift in Sources */ = {isa = PBXBuildFile; fileRef = 65CBE3771EA7D26700044F6C /* Pin+CoreDataClass.swift */; };
		65CBE37C1EA7D26700044F6C /* Pin+CoreDataProperties.swift in Sources */ = {isa = PBXBuildFile; fileRef = 65CBE3781EA7D26700044F6C /* Pin+CoreDataProperties.swift */; };
		65E466C21EA5508B00A5FC57 /* CoreDataStack.swift in Sources */ = {isa = PBXBuildFile; fileRef = 65E466C11EA5508B00A5FC57 /* CoreDataStack.swift */; };
		65E466C51EA5544500A5FC57 /* SaveState+CoreDataClass.swift in Sources */ = {isa = PBXBuildFile; fileRef = 65E466C31EA5544500A5FC57 /* SaveState+CoreDataClass.swift */; };
		65E466C61EA5544500A5FC57 /* SaveState+CoreDataProperties.swift in Sources */ = {isa = PBXBuildFile; fileRef = 65E466C41EA5544500A5FC57 /* SaveState+CoreDataProperties.swift */; };
/* End PBXBuildFile section */

/* Begin PBXFileReference section */
		65292C371EA90C6600EF1A01 /* VTLocationPhotosViewController.swift */ = {isa = PBXFileReference; fileEncoding = 4; lastKnownFileType = sourcecode.swift; name = VTLocationPhotosViewController.swift; path = "Virtual Tourist/Controllers/VTLocationPhotosViewController.swift"; sourceTree = "<group>"; };
		65292C391EA924C800EF1A01 /* FlickrNetworkSearch.swift */ = {isa = PBXFileReference; fileEncoding = 4; lastKnownFileType = sourcecode.swift; name = FlickrNetworkSearch.swift; path = Model/FlickrNetworkSearch.swift; sourceTree = "<group>"; };
		654FD2C91EAEA6E9004A41DA /* VTPhotoDetailViewController.swift */ = {isa = PBXFileReference; fileEncoding = 4; lastKnownFileType = sourcecode.swift; name = VTPhotoDetailViewController.swift; path = "Virtual Tourist/Controllers/VTPhotoDetailViewController.swift"; sourceTree = "<group>"; };
		6551C0061EA13EAE004DCEA1 /* Virtual Tourist.app */ = {isa = PBXFileReference; explicitFileType = wrapper.application; includeInIndex = 0; path = "Virtual Tourist.app"; sourceTree = BUILT_PRODUCTS_DIR; };
		6551C0091EA13EAE004DCEA1 /* AppDelegate.swift */ = {isa = PBXFileReference; lastKnownFileType = sourcecode.swift; path = AppDelegate.swift; sourceTree = "<group>"; };
		6551C00E1EA13EAE004DCEA1 /* Base */ = {isa = PBXFileReference; lastKnownFileType = file.storyboard; name = Base; path = Base.lproj/Main.storyboard; sourceTree = "<group>"; };
		6551C0111EA13EAE004DCEA1 /* Virtual_Tourist.xcdatamodel */ = {isa = PBXFileReference; lastKnownFileType = wrapper.xcdatamodel; path = Virtual_Tourist.xcdatamodel; sourceTree = "<group>"; };
		6551C0131EA13EAE004DCEA1 /* Assets.xcassets */ = {isa = PBXFileReference; lastKnownFileType = folder.assetcatalog; path = Assets.xcassets; sourceTree = "<group>"; };
		6551C0161EA13EAE004DCEA1 /* Base */ = {isa = PBXFileReference; lastKnownFileType = file.storyboard; name = Base; path = Base.lproj/LaunchScreen.storyboard; sourceTree = "<group>"; };
		6551C0181EA13EAE004DCEA1 /* Info.plist */ = {isa = PBXFileReference; lastKnownFileType = text.plist.xml; path = Info.plist; sourceTree = "<group>"; };
		6551C0211EA1554D004DCEA1 /* VTPinMapViewController.swift */ = {isa = PBXFileReference; fileEncoding = 4; lastKnownFileType = sourcecode.swift; name = VTPinMapViewController.swift; path = "Virtual Tourist/Controllers/VTPinMapViewController.swift"; sourceTree = "<group>"; };
		65916D091EAA7AB000E7A8C6 /* Constants.swift */ = {isa = PBXFileReference; fileEncoding = 4; lastKnownFileType = sourcecode.swift; name = Constants.swift; path = Model/Constants.swift; sourceTree = "<group>"; };
		65BDAAF91EAE6F2C00A64611 /* Photo+CoreDataClass.swift */ = {isa = PBXFileReference; fileEncoding = 4; lastKnownFileType = sourcecode.swift; name = "Photo+CoreDataClass.swift"; path = "Model/Photo+CoreDataClass.swift"; sourceTree = "<group>"; };
		65BDAAFA1EAE6F2C00A64611 /* Photo+CoreDataProperties.swift */ = {isa = PBXFileReference; fileEncoding = 4; lastKnownFileType = sourcecode.swift; name = "Photo+CoreDataProperties.swift"; path = "Model/Photo+CoreDataProperties.swift"; sourceTree = "<group>"; };
		65BDAAFD1EAE826100A64611 /* FlickrPhotoCollectionViewCell.swift */ = {isa = PBXFileReference; fileEncoding = 4; lastKnownFileType = sourcecode.swift; name = FlickrPhotoCollectionViewCell.swift; path = "Virtual Tourist/Controllers/FlickrPhotoCollectionViewCell.swift"; sourceTree = "<group>"; };
		65CBE3771EA7D26700044F6C /* Pin+CoreDataClass.swift */ = {isa = PBXFileReference; fileEncoding = 4; lastKnownFileType = sourcecode.swift; name = "Pin+CoreDataClass.swift"; path = "Model/Pin+CoreDataClass.swift"; sourceTree = "<group>"; };
		65CBE3781EA7D26700044F6C /* Pin+CoreDataProperties.swift */ = {isa = PBXFileReference; fileEncoding = 4; lastKnownFileType = sourcecode.swift; name = "Pin+CoreDataProperties.swift"; path = "Model/Pin+CoreDataProperties.swift"; sourceTree = "<group>"; };
		65E466C11EA5508B00A5FC57 /* CoreDataStack.swift */ = {isa = PBXFileReference; fileEncoding = 4; lastKnownFileType = sourcecode.swift; name = CoreDataStack.swift; path = Model/CoreDataStack.swift; sourceTree = "<group>"; };
		65E466C31EA5544500A5FC57 /* SaveState+CoreDataClass.swift */ = {isa = PBXFileReference; fileEncoding = 4; lastKnownFileType = sourcecode.swift; name = "SaveState+CoreDataClass.swift"; path = "Model/SaveState+CoreDataClass.swift"; sourceTree = "<group>"; };
		65E466C41EA5544500A5FC57 /* SaveState+CoreDataProperties.swift */ = {isa = PBXFileReference; fileEncoding = 4; lastKnownFileType = sourcecode.swift; name = "SaveState+CoreDataProperties.swift"; path = "Model/SaveState+CoreDataProperties.swift"; sourceTree = "<group>"; };
/* End PBXFileReference section */

/* Begin PBXFrameworksBuildPhase section */
		6551C0031EA13EAE004DCEA1 /* Frameworks */ = {
			isa = PBXFrameworksBuildPhase;
			buildActionMask = 2147483647;
			files = (
			);
			runOnlyForDeploymentPostprocessing = 0;
		};
/* End PBXFrameworksBuildPhase section */

/* Begin PBXGroup section */
		6551BFFD1EA13EAE004DCEA1 = {
			isa = PBXGroup;
			children = (
				6551C0081EA13EAE004DCEA1 /* Virtual Tourist */,
				6551C0071EA13EAE004DCEA1 /* Products */,
			);
			sourceTree = "<group>";
		};
		6551C0071EA13EAE004DCEA1 /* Products */ = {
			isa = PBXGroup;
			children = (
				6551C0061EA13EAE004DCEA1 /* Virtual Tourist.app */,
			);
			name = Products;
			sourceTree = "<group>";
		};
		6551C0081EA13EAE004DCEA1 /* Virtual Tourist */ = {
			isa = PBXGroup;
			children = (
				6551C01E1EA14DF0004DCEA1 /* Model */,
				6551C01F1EA14DFF004DCEA1 /* View */,
				6551C0241EA155FD004DCEA1 /* Controller */,
				6551C0201EA14E07004DCEA1 /* Supporting */,
			);
			path = "Virtual Tourist";
			sourceTree = "<group>";
		};
		6551C01E1EA14DF0004DCEA1 /* Model */ = {
			isa = PBXGroup;
			children = (
				65CBE3811EA7D2B400044F6C /* Pin Model */,
				65CBE3801EA7D2A800044F6C /* Photo Model */,
				65CBE37F1EA7D29800044F6C /* SaveState Model */,
				6551C0231EA155BC004DCEA1 /* VT Model */,
			);
			name = Model;
			sourceTree = "<group>";
		};
		6551C01F1EA14DFF004DCEA1 /* View */ = {
			isa = PBXGroup;
			children = (
				6551C00D1EA13EAE004DCEA1 /* Main.storyboard */,
				6551C0131EA13EAE004DCEA1 /* Assets.xcassets */,
				6551C0151EA13EAE004DCEA1 /* LaunchScreen.storyboard */,
			);
			name = View;
			sourceTree = "<group>";
		};
		6551C0201EA14E07004DCEA1 /* Supporting */ = {
			isa = PBXGroup;
			children = (
				6551C0091EA13EAE004DCEA1 /* AppDelegate.swift */,
				6551C0181EA13EAE004DCEA1 /* Info.plist */,
			);
			name = Supporting;
			sourceTree = "<group>";
		};
		6551C0231EA155BC004DCEA1 /* VT Model */ = {
			isa = PBXGroup;
			children = (
				65E466C11EA5508B00A5FC57 /* CoreDataStack.swift */,
				6551C0101EA13EAE004DCEA1 /* Virtual_Tourist.xcdatamodeld */,
			);
			name = "VT Model";
			sourceTree = "<group>";
		};
		6551C0241EA155FD004DCEA1 /* Controller */ = {
			isa = PBXGroup;
			children = (
				654FD2C91EAEA6E9004A41DA /* VTPhotoDetailViewController.swift */,
				65BDAAFD1EAE826100A64611 /* FlickrPhotoCollectionViewCell.swift */,
				65292C371EA90C6600EF1A01 /* VTLocationPhotosViewController.swift */,
				6551C0211EA1554D004DCEA1 /* VTPinMapViewController.swift */,
			);
			name = Controller;
			path = ..;
			sourceTree = "<group>";
		};
		65CBE37F1EA7D29800044F6C /* SaveState Model */ = {
			isa = PBXGroup;
			children = (
				65E466C31EA5544500A5FC57 /* SaveState+CoreDataClass.swift */,
				65E466C41EA5544500A5FC57 /* SaveState+CoreDataProperties.swift */,
			);
			name = "SaveState Model";
			sourceTree = "<group>";
		};
		65CBE3801EA7D2A800044F6C /* Photo Model */ = {
			isa = PBXGroup;
			children = (
				65BDAAF91EAE6F2C00A64611 /* Photo+CoreDataClass.swift */,
				65BDAAFA1EAE6F2C00A64611 /* Photo+CoreDataProperties.swift */,
			);
			name = "Photo Model";
			sourceTree = "<group>";
		};
		65CBE3811EA7D2B400044F6C /* Pin Model */ = {
			isa = PBXGroup;
			children = (
				65CBE3771EA7D26700044F6C /* Pin+CoreDataClass.swift */,
				65292C391EA924C800EF1A01 /* FlickrNetworkSearch.swift */,
				65916D091EAA7AB000E7A8C6 /* Constants.swift */,
				65CBE3781EA7D26700044F6C /* Pin+CoreDataProperties.swift */,
			);
			name = "Pin Model";
			sourceTree = "<group>";
		};
/* End PBXGroup section */

/* Begin PBXNativeTarget section */
		6551C0051EA13EAE004DCEA1 /* Virtual Tourist */ = {
			isa = PBXNativeTarget;
			buildConfigurationList = 6551C01B1EA13EAE004DCEA1 /* Build configuration list for PBXNativeTarget "Virtual Tourist" */;
			buildPhases = (
				6551C0021EA13EAE004DCEA1 /* Sources */,
				6551C0031EA13EAE004DCEA1 /* Frameworks */,
				6551C0041EA13EAE004DCEA1 /* Resources */,
			);
			buildRules = (
			);
			dependencies = (
			);
			name = "Virtual Tourist";
			productName = "Virtual Tourist";
			productReference = 6551C0061EA13EAE004DCEA1 /* Virtual Tourist.app */;
			productType = "com.apple.product-type.application";
		};
/* End PBXNativeTarget section */

/* Begin PBXProject section */
		6551BFFE1EA13EAE004DCEA1 /* Project object */ = {
			isa = PBXProject;
			attributes = {
				LastSwiftUpdateCheck = 0830;
				LastUpgradeCheck = 0830;
				ORGANIZATIONNAME = "Daniel Pratt";
				TargetAttributes = {
					6551C0051EA13EAE004DCEA1 = {
						CreatedOnToolsVersion = 8.3.1;
						DevelopmentTeam = ZJ769HHQS2;
						ProvisioningStyle = Automatic;
					};
				};
			};
			buildConfigurationList = 6551C0011EA13EAE004DCEA1 /* Build configuration list for PBXProject "Virtual Tourist" */;
			compatibilityVersion = "Xcode 3.2";
			developmentRegion = English;
			hasScannedForEncodings = 0;
			knownRegions = (
				en,
				Base,
			);
			mainGroup = 6551BFFD1EA13EAE004DCEA1;
			productRefGroup = 6551C0071EA13EAE004DCEA1 /* Products */;
			projectDirPath = "";
			projectRoot = "";
			targets = (
				6551C0051EA13EAE004DCEA1 /* Virtual Tourist */,
			);
		};
/* End PBXProject section */

/* Begin PBXResourcesBuildPhase section */
		6551C0041EA13EAE004DCEA1 /* Resources */ = {
			isa = PBXResourcesBuildPhase;
			buildActionMask = 2147483647;
			files = (
				6551C0171EA13EAE004DCEA1 /* LaunchScreen.storyboard in Resources */,
				6551C0141EA13EAE004DCEA1 /* Assets.xcassets in Resources */,
				6551C00F1EA13EAE004DCEA1 /* Main.storyboard in Resources */,
			);
			runOnlyForDeploymentPostprocessing = 0;
		};
/* End PBXResourcesBuildPhase section */

/* Begin PBXSourcesBuildPhase section */
		6551C0021EA13EAE004DCEA1 /* Sources */ = {
			isa = PBXSourcesBuildPhase;
			buildActionMask = 2147483647;
			files = (
				65E466C51EA5544500A5FC57 /* SaveState+CoreDataClass.swift in Sources */,
				654FD2CA1EAEA6E9004A41DA /* VTPhotoDetailViewController.swift in Sources */,
				65BDAAFC1EAE6F2C00A64611 /* Photo+CoreDataProperties.swift in Sources */,
				65CBE37C1EA7D26700044F6C /* Pin+CoreDataProperties.swift in Sources */,
				6551C0121EA13EAE004DCEA1 /* Virtual_Tourist.xcdatamodeld in Sources */,
				65CBE37B1EA7D26700044F6C /* Pin+CoreDataClass.swift in Sources */,
				6551C00A1EA13EAE004DCEA1 /* AppDelegate.swift in Sources */,
				6551C0221EA1554D004DCEA1 /* VTPinMapViewController.swift in Sources */,
				65BDAAFB1EAE6F2C00A64611 /* Photo+CoreDataClass.swift in Sources */,
				65292C381EA90C6600EF1A01 /* VTLocationPhotosViewController.swift in Sources */,
				65916D0A1EAA7AB000E7A8C6 /* Constants.swift in Sources */,
				65292C3A1EA924C800EF1A01 /* FlickrNetworkSearch.swift in Sources */,
				65E466C61EA5544500A5FC57 /* SaveState+CoreDataProperties.swift in Sources */,
				65BDAAFE1EAE826100A64611 /* FlickrPhotoCollectionViewCell.swift in Sources */,
				65E466C21EA5508B00A5FC57 /* CoreDataStack.swift in Sources */,
			);
			runOnlyForDeploymentPostprocessing = 0;
		};
/* End PBXSourcesBuildPhase section */

/* Begin PBXVariantGroup section */
		6551C00D1EA13EAE004DCEA1 /* Main.storyboard */ = {
			isa = PBXVariantGroup;
			children = (
				6551C00E1EA13EAE004DCEA1 /* Base */,
			);
			name = Main.storyboard;
			sourceTree = "<group>";
		};
		6551C0151EA13EAE004DCEA1 /* LaunchScreen.storyboard */ = {
			isa = PBXVariantGroup;
			children = (
				6551C0161EA13EAE004DCEA1 /* Base */,
			);
			name = LaunchScreen.storyboard;
			sourceTree = "<group>";
		};
/* End PBXVariantGroup section */

/* Begin XCBuildConfiguration section */
		6551C0191EA13EAE004DCEA1 /* Debug */ = {
			isa = XCBuildConfiguration;
			buildSettings = {
				ALWAYS_SEARCH_USER_PATHS = NO;
				CLANG_ANALYZER_NONNULL = YES;
				CLANG_ANALYZER_NUMBER_OBJECT_CONVERSION = YES_AGGRESSIVE;
				CLANG_CXX_LANGUAGE_STANDARD = "gnu++0x";
				CLANG_CXX_LIBRARY = "libc++";
				CLANG_ENABLE_MODULES = YES;
				CLANG_ENABLE_OBJC_ARC = YES;
				CLANG_WARN_BOOL_CONVERSION = YES;
				CLANG_WARN_CONSTANT_CONVERSION = YES;
				CLANG_WARN_DIRECT_OBJC_ISA_USAGE = YES_ERROR;
				CLANG_WARN_DOCUMENTATION_COMMENTS = YES;
				CLANG_WARN_EMPTY_BODY = YES;
				CLANG_WARN_ENUM_CONVERSION = YES;
				CLANG_WARN_INFINITE_RECURSION = YES;
				CLANG_WARN_INT_CONVERSION = YES;
				CLANG_WARN_OBJC_ROOT_CLASS = YES_ERROR;
				CLANG_WARN_SUSPICIOUS_MOVE = YES;
				CLANG_WARN_UNREACHABLE_CODE = YES;
				CLANG_WARN__DUPLICATE_METHOD_MATCH = YES;
				"CODE_SIGN_IDENTITY[sdk=iphoneos*]" = "iPhone Developer";
				COPY_PHASE_STRIP = NO;
				DEBUG_INFORMATION_FORMAT = dwarf;
				ENABLE_STRICT_OBJC_MSGSEND = YES;
				ENABLE_TESTABILITY = YES;
				GCC_C_LANGUAGE_STANDARD = gnu99;
				GCC_DYNAMIC_NO_PIC = NO;
				GCC_NO_COMMON_BLOCKS = YES;
				GCC_OPTIMIZATION_LEVEL = 0;
				GCC_PREPROCESSOR_DEFINITIONS = (
					"DEBUG=1",
					"$(inherited)",
				);
				GCC_WARN_64_TO_32_BIT_CONVERSION = YES;
				GCC_WARN_ABOUT_RETURN_TYPE = YES_ERROR;
				GCC_WARN_UNDECLARED_SELECTOR = YES;
				GCC_WARN_UNINITIALIZED_AUTOS = YES_AGGRESSIVE;
				GCC_WARN_UNUSED_FUNCTION = YES;
				GCC_WARN_UNUSED_VARIABLE = YES;
				IPHONEOS_DEPLOYMENT_TARGET = 10.3;
				MTL_ENABLE_DEBUG_INFO = YES;
				ONLY_ACTIVE_ARCH = YES;
				SDKROOT = iphoneos;
				SWIFT_ACTIVE_COMPILATION_CONDITIONS = DEBUG;
				SWIFT_OPTIMIZATION_LEVEL = "-Onone";
				TARGETED_DEVICE_FAMILY = "1,2";
			};
			name = Debug;
		};
		6551C01A1EA13EAE004DCEA1 /* Release */ = {
			isa = XCBuildConfiguration;
			buildSettings = {
				ALWAYS_SEARCH_USER_PATHS = NO;
				CLANG_ANALYZER_NONNULL = YES;
				CLANG_ANALYZER_NUMBER_OBJECT_CONVERSION = YES_AGGRESSIVE;
				CLANG_CXX_LANGUAGE_STANDARD = "gnu++0x";
				CLANG_CXX_LIBRARY = "libc++";
				CLANG_ENABLE_MODULES = YES;
				CLANG_ENABLE_OBJC_ARC = YES;
				CLANG_WARN_BOOL_CONVERSION = YES;
				CLANG_WARN_CONSTANT_CONVERSION = YES;
				CLANG_WARN_DIRECT_OBJC_ISA_USAGE = YES_ERROR;
				CLANG_WARN_DOCUMENTATION_COMMENTS = YES;
				CLANG_WARN_EMPTY_BODY = YES;
				CLANG_WARN_ENUM_CONVERSION = YES;
				CLANG_WARN_INFINITE_RECURSION = YES;
				CLANG_WARN_INT_CONVERSION = YES;
				CLANG_WARN_OBJC_ROOT_CLASS = YES_ERROR;
				CLANG_WARN_SUSPICIOUS_MOVE = YES;
				CLANG_WARN_UNREACHABLE_CODE = YES;
				CLANG_WARN__DUPLICATE_METHOD_MATCH = YES;
				"CODE_SIGN_IDENTITY[sdk=iphoneos*]" = "iPhone Developer";
				COPY_PHASE_STRIP = NO;
				DEBUG_INFORMATION_FORMAT = "dwarf-with-dsym";
				ENABLE_NS_ASSERTIONS = NO;
				ENABLE_STRICT_OBJC_MSGSEND = YES;
				GCC_C_LANGUAGE_STANDARD = gnu99;
				GCC_NO_COMMON_BLOCKS = YES;
				GCC_WARN_64_TO_32_BIT_CONVERSION = YES;
				GCC_WARN_ABOUT_RETURN_TYPE = YES_ERROR;
				GCC_WARN_UNDECLARED_SELECTOR = YES;
				GCC_WARN_UNINITIALIZED_AUTOS = YES_AGGRESSIVE;
				GCC_WARN_UNUSED_FUNCTION = YES;
				GCC_WARN_UNUSED_VARIABLE = YES;
				IPHONEOS_DEPLOYMENT_TARGET = 10.3;
				MTL_ENABLE_DEBUG_INFO = NO;
				SDKROOT = iphoneos;
				SWIFT_OPTIMIZATION_LEVEL = "-Owholemodule";
				TARGETED_DEVICE_FAMILY = "1,2";
				VALIDATE_PRODUCT = YES;
			};
			name = Release;
		};
		6551C01C1EA13EAE004DCEA1 /* Debug */ = {
			isa = XCBuildConfiguration;
			buildSettings = {
				ASSETCATALOG_COMPILER_APPICON_NAME = AppIcon;
				DEVELOPMENT_TEAM = ZJ769HHQS2;
				INFOPLIST_FILE = "Virtual Tourist/Info.plist";
				LD_RUNPATH_SEARCH_PATHS = "$(inherited) @executable_path/Frameworks";
				PRODUCT_BUNDLE_IDENTIFIER = "com.BlauMagier.Virtual-Tourist";
				PRODUCT_NAME = "$(TARGET_NAME)";
				SWIFT_VERSION = 3.0;
			};
			name = Debug;
		};
		6551C01D1EA13EAE004DCEA1 /* Release */ = {
			isa = XCBuildConfiguration;
			buildSettings = {
				ASSETCATALOG_COMPILER_APPICON_NAME = AppIcon;
				DEVELOPMENT_TEAM = ZJ769HHQS2;
				INFOPLIST_FILE = "Virtual Tourist/Info.plist";
				LD_RUNPATH_SEARCH_PATHS = "$(inherited) @executable_path/Frameworks";
				PRODUCT_BUNDLE_IDENTIFIER = "com.BlauMagier.Virtual-Tourist";
				PRODUCT_NAME = "$(TARGET_NAME)";
				SWIFT_VERSION = 3.0;
			};
			name = Release;
		};
/* End XCBuildConfiguration section */

/* Begin XCConfigurationList section */
		6551C0011EA13EAE004DCEA1 /* Build configuration list for PBXProject "Virtual Tourist" */ = {
			isa = XCConfigurationList;
			buildConfigurations = (
				6551C0191EA13EAE004DCEA1 /* Debug */,
				6551C01A1EA13EAE004DCEA1 /* Release */,
			);
			defaultConfigurationIsVisible = 0;
			defaultConfigurationName = Release;
		};
		6551C01B1EA13EAE004DCEA1 /* Build configuration list for PBXNativeTarget "Virtual Tourist" */ = {
			isa = XCConfigurationList;
			buildConfigurations = (
				6551C01C1EA13EAE004DCEA1 /* Debug */,
				6551C01D1EA13EAE004DCEA1 /* Release */,
			);
			defaultConfigurationIsVisible = 0;
			defaultConfigurationName = Release;
		};
/* End XCConfigurationList section */

/* Begin XCVersionGroup section */
		6551C0101EA13EAE004DCEA1 /* Virtual_Tourist.xcdatamodeld */ = {
			isa = XCVersionGroup;
			children = (
				6551C0111EA13EAE004DCEA1 /* Virtual_Tourist.xcdatamodel */,
			);
			currentVersion = 6551C0111EA13EAE004DCEA1 /* Virtual_Tourist.xcdatamodel */;
			path = Virtual_Tourist.xcdatamodeld;
			sourceTree = "<group>";
			versionGroupType = wrapper.xcdatamodel;
		};
/* End XCVersionGroup section */
	};
	rootObject = 6551BFFE1EA13EAE004DCEA1 /* Project object */;
}
